
Microsoft Visual Studio Solution File, Format Version 12.00
# Visual Studio 15
VisualStudioVersion = 15.0.27703.2047
MinimumVisualStudioVersion = 10.0.40219.1
Project("{FAE04EC0-301F-11D3-BF4B-00C04F79EFBC}") = "Busca_Lagura", "Busca_Lagura\Busca_Lagura.csproj", "{38A76B9B-B084-4128-93AF-4E161A92E3FB}"
EndProject
Global
	GlobalSection(SolutionConfigurationPlatforms) = preSolution
		Debug|Any CPU = Debug|Any CPU
		Release|Any CPU = Release|Any CPU
	EndGlobalSection
	GlobalSection(ProjectConfigurationPlatforms) = postSolution
		{38A76B9B-B084-4128-93AF-4E161A92E3FB}.Debug|Any CPU.ActiveCfg = Debug|Any CPU
		{38A76B9B-B084-4128-93AF-4E161A92E3FB}.Debug|Any CPU.Build.0 = Debug|Any CPU
		{38A76B9B-B084-4128-93AF-4E161A92E3FB}.Release|Any CPU.ActiveCfg = Release|Any CPU
		{38A76B9B-B084-4128-93AF-4E161A92E3FB}.Release|Any CPU.Build.0 = Release|Any CPU
	EndGlobalSection
	GlobalSection(SolutionProperties) = preSolution
		HideSolutionNode = FALSE
	EndGlobalSection
	GlobalSection(ExtensibilityGlobals) = postSolution
		SolutionGuid = {6F30785E-AEDE-4B39-BD68-8CBFBFB55FF9}
	EndGlobalSection
EndGlobal
